// !$*UTF8*$!
{
	archiveVersion = 1;
	classes = {
	};
	objectVersion = 46;
	objects = {

/* Begin PBXBuildFile section */
		F3B2364D1E4F6AEF0070B0CA /* AppDelegate.swift in Sources */ = {isa = PBXBuildFile; fileRef = F3B2364C1E4F6AEF0070B0CA /* AppDelegate.swift */; };
		F3B2364F1E4F6AEF0070B0CA /* ViewController.swift in Sources */ = {isa = PBXBuildFile; fileRef = F3B2364E1E4F6AEF0070B0CA /* ViewController.swift */; };
		F3B236521E4F6AEF0070B0CA /* Main.storyboard in Resources */ = {isa = PBXBuildFile; fileRef = F3B236501E4F6AEF0070B0CA /* Main.storyboard */; };
		F3B236541E4F6AEF0070B0CA /* Assets.xcassets in Resources */ = {isa = PBXBuildFile; fileRef = F3B236531E4F6AEF0070B0CA /* Assets.xcassets */; };
		F3B236571E4F6AEF0070B0CA /* LaunchScreen.storyboard in Resources */ = {isa = PBXBuildFile; fileRef = F3B236551E4F6AEF0070B0CA /* LaunchScreen.storyboard */; };
		F3B236601E4F6B830070B0CA /* CoreLocation.framework in Frameworks */ = {isa = PBXBuildFile; fileRef = F3B2365F1E4F6B830070B0CA /* CoreLocation.framework */; };
/* End PBXBuildFile section */

/* Begin PBXFileReference section */
		F3B236491E4F6AEF0070B0CA /* SalvaVita.app */ = {isa = PBXFileReference; explicitFileType = wrapper.application; includeInIndex = 0; path = SalvaVita.app; sourceTree = BUILT_PRODUCTS_DIR; };
		F3B2364C1E4F6AEF0070B0CA /* AppDelegate.swift */ = {isa = PBXFileReference; lastKnownFileType = sourcecode.swift; path = AppDelegate.swift; sourceTree = "<group>"; };
		F3B2364E1E4F6AEF0070B0CA /* ViewController.swift */ = {isa = PBXFileReference; lastKnownFileType = sourcecode.swift; path = ViewController.swift; sourceTree = "<group>"; };
		F3B236511E4F6AEF0070B0CA /* Base */ = {isa = PBXFileReference; lastKnownFileType = file.storyboard; name = Base; path = Base.lproj/Main.storyboard; sourceTree = "<group>"; };
		F3B236531E4F6AEF0070B0CA /* Assets.xcassets */ = {isa = PBXFileReference; lastKnownFileType = folder.assetcatalog; path = Assets.xcassets; sourceTree = "<group>"; };
		F3B236561E4F6AEF0070B0CA /* Base */ = {isa = PBXFileReference; lastKnownFileType = file.storyboard; name = Base; path = Base.lproj/LaunchScreen.storyboard; sourceTree = "<group>"; };
		F3B236581E4F6AEF0070B0CA /* Info.plist */ = {isa = PBXFileReference; lastKnownFileType = text.plist.xml; path = Info.plist; sourceTree = "<group>"; };
		F3B2365F1E4F6B830070B0CA /* CoreLocation.framework */ = {isa = PBXFileReference; lastKnownFileType = wrapper.framework; name = CoreLocation.framework; path = System/Library/Frameworks/CoreLocation.framework; sourceTree = SDKROOT; };
/* End PBXFileReference section */

/* Begin PBXFrameworksBuildPhase section */
		F3B236461E4F6AEF0070B0CA /* Frameworks */ = {
			isa = PBXFrameworksBuildPhase;
			buildActionMask = 2147483647;
			files = (
				F3B236601E4F6B830070B0CA /* CoreLocation.framework in Frameworks */,
			);
			runOnlyForDeploymentPostprocessing = 0;
		};
/* End PBXFrameworksBuildPhase section */

/* Begin PBXGroup section */
		F3B236401E4F6AEF0070B0CA = {
			isa = PBXGroup;
			children = (
				F3B2364B1E4F6AEF0070B0CA /* SalvaVita */,
				F3B2364A1E4F6AEF0070B0CA /* Products */,
				F3B2365E1E4F6B830070B0CA /* Frameworks */,
			);
			sourceTree = "<group>";
		};
		F3B2364A1E4F6AEF0070B0CA /* Products */ = {
			isa = PBXGroup;
			children = (
				F3B236491E4F6AEF0070B0CA /* SalvaVita.app */,
			);
			name = Products;
			sourceTree = "<group>";
		};
		F3B2364B1E4F6AEF0070B0CA /* SalvaVita */ = {
			isa = PBXGroup;
			children = (
				F3B2364C1E4F6AEF0070B0CA /* AppDelegate.swift */,
				F3B2364E1E4F6AEF0070B0CA /* ViewController.swift */,
				F3B236501E4F6AEF0070B0CA /* Main.storyboard */,
				F3B236531E4F6AEF0070B0CA /* Assets.xcassets */,
				F3B236551E4F6AEF0070B0CA /* LaunchScreen.storyboard */,
				F3B236581E4F6AEF0070B0CA /* Info.plist */,
			);
			path = SalvaVita;
			sourceTree = "<group>";
		};
		F3B2365E1E4F6B830070B0CA /* Frameworks */ = {
			isa = PBXGroup;
			children = (
				F3B2365F1E4F6B830070B0CA /* CoreLocation.framework */,
			);
			name = Frameworks;
			sourceTree = "<group>";
		};
/* End PBXGroup section */

/* Begin PBXNativeTarget section */
		F3B236481E4F6AEF0070B0CA /* SalvaVita */ = {
			isa = PBXNativeTarget;
			buildConfigurationList = F3B2365B1E4F6AEF0070B0CA /* Build configuration list for PBXNativeTarget "SalvaVita" */;
			buildPhases = (
				F3B236451E4F6AEF0070B0CA /* Sources */,
				F3B236461E4F6AEF0070B0CA /* Frameworks */,
				F3B236471E4F6AEF0070B0CA /* Resources */,
			);
			buildRules = (
			);
			dependencies = (
			);
			name = SalvaVita;
			productName = SalvaVita;
			productReference = F3B236491E4F6AEF0070B0CA /* SalvaVita.app */;
			productType = "com.apple.product-type.application";
		};
/* End PBXNativeTarget section */

/* Begin PBXProject section */
		F3B236411E4F6AEF0070B0CA /* Project object */ = {
			isa = PBXProject;
			attributes = {
				LastSwiftUpdateCheck = 0820;
				LastUpgradeCheck = 0820;
				ORGANIZATIONNAME = "Maria Salminen-Bavaro";
				TargetAttributes = {
					F3B236481E4F6AEF0070B0CA = {
						CreatedOnToolsVersion = 8.2.1;
						ProvisioningStyle = Automatic;
					};
				};
			};
			buildConfigurationList = F3B236441E4F6AEF0070B0CA /* Build configuration list for PBXProject "SalvaVita" */;
			compatibilityVersion = "Xcode 3.2";
			developmentRegion = English;
			hasScannedForEncodings = 0;
			knownRegions = (
				en,
				Base,
			);
			mainGroup = F3B236401E4F6AEF0070B0CA;
			productRefGroup = F3B2364A1E4F6AEF0070B0CA /* Products */;
			projectDirPath = "";
			projectRoot = "";
			targets = (
				F3B236481E4F6AEF0070B0CA /* SalvaVita */,
			);
		};
/* End PBXProject section */

/* Begin PBXResourcesBuildPhase section */
		F3B236471E4F6AEF0070B0CA /* Resources */ = {
			isa = PBXResourcesBuildPhase;
			buildActionMask = 2147483647;
			files = (
				F3B236571E4F6AEF0070B0CA /* LaunchScreen.storyboard in Resources */,
				F3B236541E4F6AEF0070B0CA /* Assets.xcassets in Resources */,
				F3B236521E4F6AEF0070B0CA /* Main.storyboard in Resources */,
			);
			runOnlyForDeploymentPostprocessing = 0;
		};
/* End PBXResourcesBuildPhase section */

/* Begin PBXSourcesBuildPhase section */
		F3B236451E4F6AEF0070B0CA /* Sources */ = {
			isa = PBXSourcesBuildPhase;
			buildActionMask = 2147483647;
			files = (
				F3B2364F1E4F6AEF0070B0CA /* ViewController.swift in Sources */,
				F3B2364D1E4F6AEF0070B0CA /* AppDelegate.swift in Sources */,
			);
			runOnlyForDeploymentPostprocessing = 0;
		};
/* End PBXSourcesBuildPhase section */

/* Begin PBXVariantGroup section */
		F3B236501E4F6AEF0070B0CA /* Main.storyboard */ = {
			isa = PBXVariantGroup;
			children = (
				F3B236511E4F6AEF0070B0CA /* Base */,
			);
			name = Main.storyboard;
			sourceTree = "<group>";
		};
		F3B236551E4F6AEF0070B0CA /* LaunchScreen.storyboard */ = {
			isa = PBXVariantGroup;
			children = (
				F3B236561E4F6AEF0070B0CA /* Base */,
			);
			name = LaunchScreen.storyboard;
			sourceTree = "<group>";
		};
/* End PBXVariantGroup section */

/* Begin XCBuildConfiguration section */
		F3B236591E4F6AEF0070B0CA /* Debug */ = {
			isa = XCBuildConfiguration;
			buildSettings = {
				ALWAYS_SEARCH_USER_PATHS = NO;
				CLANG_ANALYZER_NONNULL = YES;
				CLANG_CXX_LANGUAGE_STANDARD = "gnu++0x";
				CLANG_CXX_LIBRARY = "libc++";
				CLANG_ENABLE_MODULES = YES;
				CLANG_ENABLE_OBJC_ARC = YES;
				CLANG_WARN_BOOL_CONVERSION = YES;
				CLANG_WARN_CONSTANT_CONVERSION = YES;
				CLANG_WARN_DIRECT_OBJC_ISA_USAGE = YES_ERROR;
				CLANG_WARN_DOCUMENTATION_COMMENTS = YES;
				CLANG_WARN_EMPTY_BODY = YES;
				CLANG_WARN_ENUM_CONVERSION = YES;
				CLANG_WARN_INFINITE_RECURSION = YES;
				CLANG_WARN_INT_CONVERSION = YES;
				CLANG_WARN_OBJC_ROOT_CLASS = YES_ERROR;
				CLANG_WARN_SUSPICIOUS_MOVE = YES;
				CLANG_WARN_UNREACHABLE_CODE = YES;
				CLANG_WARN__DUPLICATE_METHOD_MATCH = YES;
				"CODE_SIGN_IDENTITY[sdk=iphoneos*]" = "iPhone Developer";
				COPY_PHASE_STRIP = NO;
				DEBUG_INFORMATION_FORMAT = dwarf;
				ENABLE_STRICT_OBJC_MSGSEND = YES;
				ENABLE_TESTABILITY = YES;
				GCC_C_LANGUAGE_STANDARD = gnu99;
				GCC_DYNAMIC_NO_PIC = NO;
				GCC_NO_COMMON_BLOCKS = YES;
				GCC_OPTIMIZATION_LEVEL = 0;
				GCC_PREPROCESSOR_DEFINITIONS = (
					"DEBUG=1",
					"$(inherited)",
				);
				GCC_WARN_64_TO_32_BIT_CONVERSION = YES;
				GCC_WARN_ABOUT_RETURN_TYPE = YES_ERROR;
				GCC_WARN_UNDECLARED_SELECTOR = YES;
				GCC_WARN_UNINITIALIZED_AUTOS = YES_AGGRESSIVE;
				GCC_WARN_UNUSED_FUNCTION = YES;
				GCC_WARN_UNUSED_VARIABLE = YES;
				IPHONEOS_DEPLOYMENT_TARGET = 10.2;
				MTL_ENABLE_DEBUG_INFO = YES;
				ONLY_ACTIVE_ARCH = YES;
				SDKROOT = iphoneos;
				SWIFT_ACTIVE_COMPILATION_CONDITIONS = DEBUG;
				SWIFT_OPTIMIZATION_LEVEL = "-Onone";
			};
			name = Debug;
		};
		F3B2365A1E4F6AEF0070B0CA /* Release */ = {
			isa = XCBuildConfiguration;
			buildSettings = {
				ALWAYS_SEARCH_USER_PATHS = NO;
				CLANG_ANALYZER_NONNULL = YES;
				CLANG_CXX_LANGUAGE_STANDARD = "gnu++0x";
				CLANG_CXX_LIBRARY = "libc++";
				CLANG_ENABLE_MODULES = YES;
				CLANG_ENABLE_OBJC_ARC = YES;
				CLANG_WARN_BOOL_CONVERSION = YES;
				CLANG_WARN_CONSTANT_CONVERSION = YES;
				CLANG_WARN_DIRECT_OBJC_ISA_USAGE = YES_ERROR;
				CLANG_WARN_DOCUMENTATION_COMMENTS = YES;
				CLANG_WARN_EMPTY_BODY = YES;
				CLANG_WARN_ENUM_CONVERSION = YES;
				CLANG_WARN_INFINITE_RECURSION = YES;
				CLANG_WARN_INT_CONVERSION = YES;
				CLANG_WARN_OBJC_ROOT_CLASS = YES_ERROR;
				CLANG_WARN_SUSPICIOUS_MOVE = YES;
				CLANG_WARN_UNREACHABLE_CODE = YES;
				CLANG_WARN__DUPLICATE_METHOD_MATCH = YES;
				"CODE_SIGN_IDENTITY[sdk=iphoneos*]" = "iPhone Developer";
				COPY_PHASE_STRIP = NO;
				DEBUG_INFORMATION_FORMAT = "dwarf-with-dsym";
				ENABLE_NS_ASSERTIONS = NO;
				ENABLE_STRICT_OBJC_MSGSEND = YES;
				GCC_C_LANGUAGE_STANDARD = gnu99;
				GCC_NO_COMMON_BLOCKS = YES;
				GCC_WARN_64_TO_32_BIT_CONVERSION = YES;
				GCC_WARN_ABOUT_RETURN_TYPE = YES_ERROR;
				GCC_WARN_UNDECLARED_SELECTOR = YES;
				GCC_WARN_UNINITIALIZED_AUTOS = YES_AGGRESSIVE;
				GCC_WARN_UNUSED_FUNCTION = YES;
				GCC_WARN_UNUSED_VARIABLE = YES;
				IPHONEOS_DEPLOYMENT_TARGET = 10.2;
				MTL_ENABLE_DEBUG_INFO = NO;
				SDKROOT = iphoneos;
				SWIFT_OPTIMIZATION_LEVEL = "-Owholemodule";
				VALIDATE_PRODUCT = YES;
			};
			name = Release;
		};
		F3B2365C1E4F6AEF0070B0CA /* Debug */ = {
			isa = XCBuildConfiguration;
			buildSettings = {
				ASSETCATALOG_COMPILER_APPICON_NAME = AppIcon;
				INFOPLIST_FILE = SalvaVita/Info.plist;
				LD_RUNPATH_SEARCH_PATHS = "$(inherited) @executable_path/Frameworks";
				PRODUCT_BUNDLE_IDENTIFIER = com.pirpana.SalvaVita;
				PRODUCT_NAME = "$(TARGET_NAME)";
				SWIFT_VERSION = 3.0;
			};
			name = Debug;
		};
		F3B2365D1E4F6AEF0070B0CA /* Release */ = {
			isa = XCBuildConfiguration;
			buildSettings = {
				ASSETCATALOG_COMPILER_APPICON_NAME = AppIcon;
				INFOPLIST_FILE = SalvaVita/Info.plist;
				LD_RUNPATH_SEARCH_PATHS = "$(inherited) @executable_path/Frameworks";
				PRODUCT_BUNDLE_IDENTIFIER = com.pirpana.SalvaVita;
				PRODUCT_NAME = "$(TARGET_NAME)";
				SWIFT_VERSION = 3.0;
			};
			name = Release;
		};
/* End XCBuildConfiguration section */

/* Begin XCConfigurationList section */
		F3B236441E4F6AEF0070B0CA /* Build configuration list for PBXProject "SalvaVita" */ = {
			isa = XCConfigurationList;
			buildConfigurations = (
				F3B236591E4F6AEF0070B0CA /* Debug */,
				F3B2365A1E4F6AEF0070B0CA /* Release */,
			);
			defaultConfigurationIsVisible = 0;
			defaultConfigurationName = Release;
		};
		F3B2365B1E4F6AEF0070B0CA /* Build configuration list for PBXNativeTarget "SalvaVita" */ = {
			isa = XCConfigurationList;
			buildConfigurations = (
				F3B2365C1E4F6AEF0070B0CA /* Debug */,
				F3B2365D1E4F6AEF0070B0CA /* Release */,
			);
			defaultConfigurationIsVisible = 0;
			defaultConfigurationName = Release;
		};
/* End XCConfigurationList section */
	};
	rootObject = F3B236411E4F6AEF0070B0CA /* Project object */;
}
